<?xml version="1.0" encoding="utf-8"?>
<Project ToolsVersion="4.0" xmlns="http://schemas.microsoft.com/developer/msbuild/2003">
  <ItemGroup>
    <Filter Include="소스 파일">
      <UniqueIdentifier>{4FC737F1-C7A5-4376-A066-2A32D752A2FF}</UniqueIdentifier>
      <Extensions>cpp;c;cc;cxx;c++;cppm;ixx;def;odl;idl;hpj;bat;asm;asmx</Extensions>
    </Filter>
    <Filter Include="헤더 파일">
      <UniqueIdentifier>{93995380-89BD-4b04-88EB-625FBE52EBFB}</UniqueIdentifier>
      <Extensions>h;hh;hpp;hxx;h++;hm;inl;inc;ipp;xsd</Extensions>
    </Filter>
    <Filter Include="리소스 파일">
      <UniqueIdentifier>{67DA6AB6-F800-4c08-8B7A-83BB121AAD01}</UniqueIdentifier>
      <Extensions>rc;ico;cur;bmp;dlg;rc2;rct;bin;rgs;gif;jpg;jpeg;jpe;resx;tiff;tif;png;wav;mfcribbon-ms</Extensions>
    </Filter>
    <Filter Include="소스 파일\object">
      <UniqueIdentifier>{cc585fb9-ca8b-41b8-addc-15f8b6ad699e}</UniqueIdentifier>
    </Filter>
    <Filter Include="헤더 파일\Player">
      <UniqueIdentifier>{f8bf5040-1f09-4ced-832d-499856624551}</UniqueIdentifier>
    </Filter>
    <Filter Include="헤더 파일\camera">
      <UniqueIdentifier>{d417e81f-dfc0-49df-ba23-26138a4a6aff}</UniqueIdentifier>
    </Filter>
    <Filter Include="소스 파일\player">
      <UniqueIdentifier>{0e4ffd9a-99a5-4f20-a33a-0cab3e596d96}</UniqueIdentifier>
    </Filter>
    <Filter Include="소스 파일\camera">
      <UniqueIdentifier>{dfd971ee-eaa7-4dd7-bf8f-56526651e272}</UniqueIdentifier>
    </Filter>
    <Filter Include="소스 파일\enemy">
      <UniqueIdentifier>{cb497581-6b7c-4a23-9ea1-6e7f03b8ff37}</UniqueIdentifier>
    </Filter>
    <Filter Include="소스 파일\weapon">
      <UniqueIdentifier>{148fb5de-7f3e-479d-9154-7a4f29640bd3}</UniqueIdentifier>
    </Filter>
    <Filter Include="소스 파일\field">
      <UniqueIdentifier>{f34c1b6c-a900-48dd-8270-97a4a6d3a049}</UniqueIdentifier>
    </Filter>
    <Filter Include="소스 파일\intro">
      <UniqueIdentifier>{f6ec566b-c59f-4dad-a0aa-6cb8cc5818ef}</UniqueIdentifier>
    </Filter>
  </ItemGroup>
  <ItemGroup>
    <None Include="fragment.glsl">
      <Filter>헤더 파일</Filter>
    </None>
    <None Include="vertex.glsl">
      <Filter>헤더 파일</Filter>
    </None>
  </ItemGroup>
  <ItemGroup>
    <ClCompile Include="main.cpp">
      <Filter>소스 파일</Filter>
    </ClCompile>
    <ClCompile Include="camera\camera.cpp">
      <Filter>소스 파일\camera</Filter>
    </ClCompile>
    <ClCompile Include="enemy\Enemy.cpp">
      <Filter>소스 파일\enemy</Filter>
    </ClCompile>
    <ClCompile Include="weapon\ak47.cpp">
      <Filter>소스 파일\weapon</Filter>
    </ClCompile>
    <ClCompile Include="weapon\club.cpp">
      <Filter>소스 파일\weapon</Filter>
    </ClCompile>
    <ClCompile Include="field\field.cpp">
      <Filter>소스 파일\field</Filter>
    </ClCompile>
    <ClCompile Include="object\ModelLoader.cpp">
      <Filter>소스 파일\object</Filter>
    </ClCompile>
    <ClCompile Include="object\object.cpp">
      <Filter>소스 파일\object</Filter>
    </ClCompile>
    <ClCompile Include="object\TextManager.cpp">
      <Filter>소스 파일\object</Filter>
    </ClCompile>
    <ClCompile Include="player\player.cpp">
      <Filter>소스 파일\player</Filter>
    </ClCompile>
    <ClCompile Include="Collision.cpp">
      <Filter>소스 파일</Filter>
    </ClCompile>
    <ClCompile Include="bullet.cpp">
      <Filter>소스 파일\weapon</Filter>
    </ClCompile>
    <ClCompile Include="weapon\claymore.cpp">
      <Filter>소스 파일\weapon</Filter>
    </ClCompile>
    <ClCompile Include="weapon\pistol.cpp">
      <Filter>소스 파일\weapon</Filter>
    </ClCompile>
    <ClCompile Include="weapon\minigun.cpp">
      <Filter>소스 파일\weapon</Filter>
    </ClCompile>
    <ClCompile Include="intro\intro.cpp">
      <Filter>소스 파일\intro</Filter>
    </ClCompile>
  </ItemGroup>
  <ItemGroup>
    <ClInclude Include="stb_image.h">
      <Filter>헤더 파일</Filter>
    </ClInclude>
    <ClInclude Include="ModelLoader.h">
      <Filter>헤더 파일</Filter>
    </ClInclude>
    <ClInclude Include="object.h">
      <Filter>헤더 파일</Filter>
    </ClInclude>
    <ClInclude Include="ak_47.h">
      <Filter>헤더 파일</Filter>
    </ClInclude>
    <ClInclude Include="TextManager.h">
      <Filter>헤더 파일</Filter>
    </ClInclude>
    <ClInclude Include="field.h">
      <Filter>헤더 파일</Filter>
    </ClInclude>
    <ClInclude Include="camera.h">
      <Filter>헤더 파일\camera</Filter>
    </ClInclude>
    <ClInclude Include="player.h">
      <Filter>헤더 파일\Player</Filter>
    </ClInclude>
    <ClInclude Include="club.h">
      <Filter>헤더 파일</Filter>
    </ClInclude>
    <ClInclude Include="Enemy.h">
      <Filter>헤더 파일</Filter>
    </ClInclude>
    <ClInclude Include="light.h">
      <Filter>헤더 파일</Filter>
    </ClInclude>
    <ClInclude Include="Collision.h">
      <Filter>헤더 파일</Filter>
    </ClInclude>
    <ClInclude Include="weapon.h">
      <Filter>헤더 파일</Filter>
    </ClInclude>
    <ClInclude Include="bullet.h">
      <Filter>헤더 파일</Filter>
    </ClInclude>
    <ClInclude Include="claymore.h">
      <Filter>헤더 파일</Filter>
    </ClInclude>
    <ClInclude Include="pistol.h">
      <Filter>헤더 파일</Filter>
    </ClInclude>
    <ClInclude Include="minigun.h">
      <Filter>헤더 파일</Filter>
    </ClInclude>
    <ClInclude Include="intro.h">
      <Filter>헤더 파일</Filter>
    </ClInclude>
    <ClInclude Include="item.h">
      <Filter>헤더 파일</Filter>
    </ClInclude>
  </ItemGroup>
</Project>